// !$*UTF8*$!
{
	archiveVersion = 1;
	classes = {
	};
	objectVersion = 48;
	objects = {

/* Begin PBXBuildFile section */
		146B6C3D20237BBE0007D3EB /* AppDelegate.swift in Sources */ = {isa = PBXBuildFile; fileRef = 146B6C3C20237BBE0007D3EB /* AppDelegate.swift */; };
		146B6C3F20237BBE0007D3EB /* MapVC.swift in Sources */ = {isa = PBXBuildFile; fileRef = 146B6C3E20237BBE0007D3EB /* MapVC.swift */; };
		146B6C4220237BBE0007D3EB /* Main.storyboard in Resources */ = {isa = PBXBuildFile; fileRef = 146B6C4020237BBE0007D3EB /* Main.storyboard */; };
		146B6C4420237BBE0007D3EB /* Assets.xcassets in Resources */ = {isa = PBXBuildFile; fileRef = 146B6C4320237BBE0007D3EB /* Assets.xcassets */; };
		146B6C4720237BBE0007D3EB /* LaunchScreen.storyboard in Resources */ = {isa = PBXBuildFile; fileRef = 146B6C4520237BBE0007D3EB /* LaunchScreen.storyboard */; };
		14C881B8202B558600AE87D1 /* PopVC.swift in Sources */ = {isa = PBXBuildFile; fileRef = 14C881B7202B558600AE87D1 /* PopVC.swift */; };
		14ED7EEA20239C280081B9A7 /* DroppablePin.swift in Sources */ = {isa = PBXBuildFile; fileRef = 14ED7EE920239C280081B9A7 /* DroppablePin.swift */; };
		14ED7EEC2023B1F90081B9A7 /* PhotoCell.swift in Sources */ = {isa = PBXBuildFile; fileRef = 14ED7EEB2023B1F90081B9A7 /* PhotoCell.swift */; };
		14ED7EEE2023B6320081B9A7 /* Constants.swift in Sources */ = {isa = PBXBuildFile; fileRef = 14ED7EED2023B6320081B9A7 /* Constants.swift */; };
		4586133F2C24C91BF262CD81 /* Pods_Pixel_City.framework in Frameworks */ = {isa = PBXBuildFile; fileRef = 4D1BBC0BC4DA0B2CCAF970F7 /* Pods_Pixel_City.framework */; };
/* End PBXBuildFile section */

/* Begin PBXFileReference section */
		146B6C3920237BBE0007D3EB /* Pixel City.app */ = {isa = PBXFileReference; explicitFileType = wrapper.application; includeInIndex = 0; path = "Pixel City.app"; sourceTree = BUILT_PRODUCTS_DIR; };
		146B6C3C20237BBE0007D3EB /* AppDelegate.swift */ = {isa = PBXFileReference; lastKnownFileType = sourcecode.swift; path = AppDelegate.swift; sourceTree = "<group>"; };
		146B6C3E20237BBE0007D3EB /* MapVC.swift */ = {isa = PBXFileReference; lastKnownFileType = sourcecode.swift; path = MapVC.swift; sourceTree = "<group>"; };
		146B6C4120237BBE0007D3EB /* Base */ = {isa = PBXFileReference; lastKnownFileType = file.storyboard; name = Base; path = Base.lproj/Main.storyboard; sourceTree = "<group>"; };
		146B6C4320237BBE0007D3EB /* Assets.xcassets */ = {isa = PBXFileReference; lastKnownFileType = folder.assetcatalog; path = Assets.xcassets; sourceTree = "<group>"; };
		146B6C4620237BBE0007D3EB /* Base */ = {isa = PBXFileReference; lastKnownFileType = file.storyboard; name = Base; path = Base.lproj/LaunchScreen.storyboard; sourceTree = "<group>"; };
		146B6C4820237BBE0007D3EB /* Info.plist */ = {isa = PBXFileReference; lastKnownFileType = text.plist.xml; path = Info.plist; sourceTree = "<group>"; };
		14C881B7202B558600AE87D1 /* PopVC.swift */ = {isa = PBXFileReference; lastKnownFileType = sourcecode.swift; path = PopVC.swift; sourceTree = "<group>"; };
		14ED7EE920239C280081B9A7 /* DroppablePin.swift */ = {isa = PBXFileReference; lastKnownFileType = sourcecode.swift; path = DroppablePin.swift; sourceTree = "<group>"; };
		14ED7EEB2023B1F90081B9A7 /* PhotoCell.swift */ = {isa = PBXFileReference; lastKnownFileType = sourcecode.swift; path = PhotoCell.swift; sourceTree = "<group>"; };
		14ED7EED2023B6320081B9A7 /* Constants.swift */ = {isa = PBXFileReference; lastKnownFileType = sourcecode.swift; path = Constants.swift; sourceTree = "<group>"; };
		4D1BBC0BC4DA0B2CCAF970F7 /* Pods_Pixel_City.framework */ = {isa = PBXFileReference; explicitFileType = wrapper.framework; includeInIndex = 0; path = Pods_Pixel_City.framework; sourceTree = BUILT_PRODUCTS_DIR; };
		77327E80B72CFC56378FFDB7 /* Pods-Pixel City.debug.xcconfig */ = {isa = PBXFileReference; includeInIndex = 1; lastKnownFileType = text.xcconfig; name = "Pods-Pixel City.debug.xcconfig"; path = "Pods/Target Support Files/Pods-Pixel City/Pods-Pixel City.debug.xcconfig"; sourceTree = "<group>"; };
		A7F7D75A004AEA7565B97641 /* Pods-Pixel City.release.xcconfig */ = {isa = PBXFileReference; includeInIndex = 1; lastKnownFileType = text.xcconfig; name = "Pods-Pixel City.release.xcconfig"; path = "Pods/Target Support Files/Pods-Pixel City/Pods-Pixel City.release.xcconfig"; sourceTree = "<group>"; };
/* End PBXFileReference section */

/* Begin PBXFrameworksBuildPhase section */
		146B6C3620237BBE0007D3EB /* Frameworks */ = {
			isa = PBXFrameworksBuildPhase;
			buildActionMask = 2147483647;
			files = (
				4586133F2C24C91BF262CD81 /* Pods_Pixel_City.framework in Frameworks */,
			);
			runOnlyForDeploymentPostprocessing = 0;
		};
/* End PBXFrameworksBuildPhase section */

/* Begin PBXGroup section */
		146B6C3020237BBD0007D3EB = {
			isa = PBXGroup;
			children = (
				146B6C3B20237BBE0007D3EB /* Pixel City */,
				146B6C3A20237BBE0007D3EB /* Products */,
				5705CD8B4270BCAB14A9CF29 /* Pods */,
				34C7B222D31613BC34CCC022 /* Frameworks */,
			);
			sourceTree = "<group>";
		};
		146B6C3A20237BBE0007D3EB /* Products */ = {
			isa = PBXGroup;
			children = (
				146B6C3920237BBE0007D3EB /* Pixel City.app */,
			);
			name = Products;
			sourceTree = "<group>";
		};
		146B6C3B20237BBE0007D3EB /* Pixel City */ = {
			isa = PBXGroup;
			children = (
				146B6C5120237C0A0007D3EB /* Utilities */,
				146B6C5020237BFE0007D3EB /* Extensions */,
				146B6C4F20237BF10007D3EB /* View */,
				146B6C4E20237BE30007D3EB /* Controller */,
				146B6C3C20237BBE0007D3EB /* AppDelegate.swift */,
				146B6C4020237BBE0007D3EB /* Main.storyboard */,
				146B6C4320237BBE0007D3EB /* Assets.xcassets */,
				146B6C4520237BBE0007D3EB /* LaunchScreen.storyboard */,
				146B6C4820237BBE0007D3EB /* Info.plist */,
			);
			path = "Pixel City";
			sourceTree = "<group>";
		};
		146B6C4E20237BE30007D3EB /* Controller */ = {
			isa = PBXGroup;
			children = (
				146B6C3E20237BBE0007D3EB /* MapVC.swift */,
				14C881B7202B558600AE87D1 /* PopVC.swift */,
			);
			path = Controller;
			sourceTree = "<group>";
		};
		146B6C4F20237BF10007D3EB /* View */ = {
			isa = PBXGroup;
			children = (
				14ED7EE920239C280081B9A7 /* DroppablePin.swift */,
				14ED7EEB2023B1F90081B9A7 /* PhotoCell.swift */,
			);
			path = View;
			sourceTree = "<group>";
		};
		146B6C5020237BFE0007D3EB /* Extensions */ = {
			isa = PBXGroup;
			children = (
			);
			path = Extensions;
			sourceTree = "<group>";
		};
		146B6C5120237C0A0007D3EB /* Utilities */ = {
			isa = PBXGroup;
			children = (
				14ED7EED2023B6320081B9A7 /* Constants.swift */,
			);
			path = Utilities;
			sourceTree = "<group>";
		};
		34C7B222D31613BC34CCC022 /* Frameworks */ = {
			isa = PBXGroup;
			children = (
				4D1BBC0BC4DA0B2CCAF970F7 /* Pods_Pixel_City.framework */,
			);
			name = Frameworks;
			sourceTree = "<group>";
		};
		5705CD8B4270BCAB14A9CF29 /* Pods */ = {
			isa = PBXGroup;
			children = (
				77327E80B72CFC56378FFDB7 /* Pods-Pixel City.debug.xcconfig */,
				A7F7D75A004AEA7565B97641 /* Pods-Pixel City.release.xcconfig */,
			);
			name = Pods;
			sourceTree = "<group>";
		};
/* End PBXGroup section */

/* Begin PBXNativeTarget section */
		146B6C3820237BBE0007D3EB /* Pixel City */ = {
			isa = PBXNativeTarget;
			buildConfigurationList = 146B6C4B20237BBE0007D3EB /* Build configuration list for PBXNativeTarget "Pixel City" */;
			buildPhases = (
				D15FEB780D6762B165A8C253 /* [CP] Check Pods Manifest.lock */,
				146B6C3520237BBE0007D3EB /* Sources */,
				146B6C3620237BBE0007D3EB /* Frameworks */,
				146B6C3720237BBE0007D3EB /* Resources */,
				59B8238B0F6FF97299ED55B8 /* [CP] Embed Pods Frameworks */,
				69E1BDCBFF9992C9A7C46D4D /* [CP] Copy Pods Resources */,
			);
			buildRules = (
			);
			dependencies = (
			);
			name = "Pixel City";
			productName = "Pixel City";
			productReference = 146B6C3920237BBE0007D3EB /* Pixel City.app */;
			productType = "com.apple.product-type.application";
		};
/* End PBXNativeTarget section */

/* Begin PBXProject section */
		146B6C3120237BBD0007D3EB /* Project object */ = {
			isa = PBXProject;
			attributes = {
				LastSwiftUpdateCheck = 0920;
				LastUpgradeCheck = 0920;
				ORGANIZATIONNAME = "Josh Apgar";
				TargetAttributes = {
					146B6C3820237BBE0007D3EB = {
						CreatedOnToolsVersion = 9.2;
						ProvisioningStyle = Automatic;
					};
				};
			};
			buildConfigurationList = 146B6C3420237BBD0007D3EB /* Build configuration list for PBXProject "Pixel City" */;
			compatibilityVersion = "Xcode 8.0";
			developmentRegion = en;
			hasScannedForEncodings = 0;
			knownRegions = (
				en,
				Base,
			);
			mainGroup = 146B6C3020237BBD0007D3EB;
			productRefGroup = 146B6C3A20237BBE0007D3EB /* Products */;
			projectDirPath = "";
			projectRoot = "";
			targets = (
				146B6C3820237BBE0007D3EB /* Pixel City */,
			);
		};
/* End PBXProject section */

/* Begin PBXResourcesBuildPhase section */
		146B6C3720237BBE0007D3EB /* Resources */ = {
			isa = PBXResourcesBuildPhase;
			buildActionMask = 2147483647;
			files = (
				146B6C4720237BBE0007D3EB /* LaunchScreen.storyboard in Resources */,
				146B6C4420237BBE0007D3EB /* Assets.xcassets in Resources */,
				146B6C4220237BBE0007D3EB /* Main.storyboard in Resources */,
			);
			runOnlyForDeploymentPostprocessing = 0;
		};
/* End PBXResourcesBuildPhase section */

/* Begin PBXShellScriptBuildPhase section */
		59B8238B0F6FF97299ED55B8 /* [CP] Embed Pods Frameworks */ = {
			isa = PBXShellScriptBuildPhase;
			buildActionMask = 2147483647;
			files = (
			);
			inputPaths = (
				"${SRCROOT}/Pods/Target Support Files/Pods-Pixel City/Pods-Pixel City-frameworks.sh",
				"${BUILT_PRODUCTS_DIR}/Alamofire/Alamofire.framework",
				"${BUILT_PRODUCTS_DIR}/AlamofireImage/AlamofireImage.framework",
			);
			name = "[CP] Embed Pods Frameworks";
			outputPaths = (
				"${TARGET_BUILD_DIR}/${FRAMEWORKS_FOLDER_PATH}/Alamofire.framework",
				"${TARGET_BUILD_DIR}/${FRAMEWORKS_FOLDER_PATH}/AlamofireImage.framework",
			);
			runOnlyForDeploymentPostprocessing = 0;
			shellPath = /bin/sh;
			shellScript = "\"${SRCROOT}/Pods/Target Support Files/Pods-Pixel City/Pods-Pixel City-frameworks.sh\"\n";
			showEnvVarsInLog = 0;
		};
		69E1BDCBFF9992C9A7C46D4D /* [CP] Copy Pods Resources */ = {
			isa = PBXShellScriptBuildPhase;
			buildActionMask = 2147483647;
			files = (
			);
			inputPaths = (
			);
			name = "[CP] Copy Pods Resources";
			outputPaths = (
			);
			runOnlyForDeploymentPostprocessing = 0;
			shellPath = /bin/sh;
			shellScript = "\"${SRCROOT}/Pods/Target Support Files/Pods-Pixel City/Pods-Pixel City-resources.sh\"\n";
			showEnvVarsInLog = 0;
		};
		D15FEB780D6762B165A8C253 /* [CP] Check Pods Manifest.lock */ = {
			isa = PBXShellScriptBuildPhase;
			buildActionMask = 2147483647;
			files = (
			);
			inputPaths = (
				"${PODS_PODFILE_DIR_PATH}/Podfile.lock",
				"${PODS_ROOT}/Manifest.lock",
			);
			name = "[CP] Check Pods Manifest.lock";
			outputPaths = (
				"$(DERIVED_FILE_DIR)/Pods-Pixel City-checkManifestLockResult.txt",
			);
			runOnlyForDeploymentPostprocessing = 0;
			shellPath = /bin/sh;
			shellScript = "diff \"${PODS_PODFILE_DIR_PATH}/Podfile.lock\" \"${PODS_ROOT}/Manifest.lock\" > /dev/null\nif [ $? != 0 ] ; then\n    # print error to STDERR\n    echo \"error: The sandbox is not in sync with the Podfile.lock. Run 'pod install' or update your CocoaPods installation.\" >&2\n    exit 1\nfi\n# This output is used by Xcode 'outputs' to avoid re-running this script phase.\necho \"SUCCESS\" > \"${SCRIPT_OUTPUT_FILE_0}\"\n";
			showEnvVarsInLog = 0;
		};
/* End PBXShellScriptBuildPhase section */

/* Begin PBXSourcesBuildPhase section */
		146B6C3520237BBE0007D3EB /* Sources */ = {
			isa = PBXSourcesBuildPhase;
			buildActionMask = 2147483647;
			files = (
				14C881B8202B558600AE87D1 /* PopVC.swift in Sources */,
				14ED7EEE2023B6320081B9A7 /* Constants.swift in Sources */,
				14ED7EEC2023B1F90081B9A7 /* PhotoCell.swift in Sources */,
				146B6C3F20237BBE0007D3EB /* MapVC.swift in Sources */,
				14ED7EEA20239C280081B9A7 /* DroppablePin.swift in Sources */,
				146B6C3D20237BBE0007D3EB /* AppDelegate.swift in Sources */,
			);
			runOnlyForDeploymentPostprocessing = 0;
		};
/* End PBXSourcesBuildPhase section */

/* Begin PBXVariantGroup section */
		146B6C4020237BBE0007D3EB /* Main.storyboard */ = {
			isa = PBXVariantGroup;
			children = (
				146B6C4120237BBE0007D3EB /* Base */,
			);
			name = Main.storyboard;
			sourceTree = "<group>";
		};
		146B6C4520237BBE0007D3EB /* LaunchScreen.storyboard */ = {
			isa = PBXVariantGroup;
			children = (
				146B6C4620237BBE0007D3EB /* Base */,
			);
			name = LaunchScreen.storyboard;
			sourceTree = "<group>";
		};
/* End PBXVariantGroup section */

/* Begin XCBuildConfiguration section */
		146B6C4920237BBE0007D3EB /* Debug */ = {
			isa = XCBuildConfiguration;
			buildSettings = {
				ALWAYS_SEARCH_USER_PATHS = NO;
				CLANG_ANALYZER_NONNULL = YES;
				CLANG_ANALYZER_NUMBER_OBJECT_CONVERSION = YES_AGGRESSIVE;
				CLANG_CXX_LANGUAGE_STANDARD = "gnu++14";
				CLANG_CXX_LIBRARY = "libc++";
				CLANG_ENABLE_MODULES = YES;
				CLANG_ENABLE_OBJC_ARC = YES;
				CLANG_WARN_BLOCK_CAPTURE_AUTORELEASING = YES;
				CLANG_WARN_BOOL_CONVERSION = YES;
				CLANG_WARN_COMMA = YES;
				CLANG_WARN_CONSTANT_CONVERSION = YES;
				CLANG_WARN_DIRECT_OBJC_ISA_USAGE = YES_ERROR;
				CLANG_WARN_DOCUMENTATION_COMMENTS = YES;
				CLANG_WARN_EMPTY_BODY = YES;
				CLANG_WARN_ENUM_CONVERSION = YES;
				CLANG_WARN_INFINITE_RECURSION = YES;
				CLANG_WARN_INT_CONVERSION = YES;
				CLANG_WARN_NON_LITERAL_NULL_CONVERSION = YES;
				CLANG_WARN_OBJC_LITERAL_CONVERSION = YES;
				CLANG_WARN_OBJC_ROOT_CLASS = YES_ERROR;
				CLANG_WARN_RANGE_LOOP_ANALYSIS = YES;
				CLANG_WARN_STRICT_PROTOTYPES = YES;
				CLANG_WARN_SUSPICIOUS_MOVE = YES;
				CLANG_WARN_UNGUARDED_AVAILABILITY = YES_AGGRESSIVE;
				CLANG_WARN_UNREACHABLE_CODE = YES;
				CLANG_WARN__DUPLICATE_METHOD_MATCH = YES;
				CODE_SIGN_IDENTITY = "iPhone Developer";
				COPY_PHASE_STRIP = NO;
				DEBUG_INFORMATION_FORMAT = dwarf;
				ENABLE_STRICT_OBJC_MSGSEND = YES;
				ENABLE_TESTABILITY = YES;
				GCC_C_LANGUAGE_STANDARD = gnu11;
				GCC_DYNAMIC_NO_PIC = NO;
				GCC_NO_COMMON_BLOCKS = YES;
				GCC_OPTIMIZATION_LEVEL = 0;
				GCC_PREPROCESSOR_DEFINITIONS = (
					"DEBUG=1",
					"$(inherited)",
				);
				GCC_WARN_64_TO_32_BIT_CONVERSION = YES;
				GCC_WARN_ABOUT_RETURN_TYPE = YES_ERROR;
				GCC_WARN_UNDECLARED_SELECTOR = YES;
				GCC_WARN_UNINITIALIZED_AUTOS = YES_AGGRESSIVE;
				GCC_WARN_UNUSED_FUNCTION = YES;
				GCC_WARN_UNUSED_VARIABLE = YES;
				IPHONEOS_DEPLOYMENT_TARGET = 11.2;
				MTL_ENABLE_DEBUG_INFO = YES;
				ONLY_ACTIVE_ARCH = YES;
				SDKROOT = iphoneos;
				SWIFT_ACTIVE_COMPILATION_CONDITIONS = DEBUG;
				SWIFT_OPTIMIZATION_LEVEL = "-Onone";
			};
			name = Debug;
		};
		146B6C4A20237BBE0007D3EB /* Release */ = {
			isa = XCBuildConfiguration;
			buildSettings = {
				ALWAYS_SEARCH_USER_PATHS = NO;
				CLANG_ANALYZER_NONNULL = YES;
				CLANG_ANALYZER_NUMBER_OBJECT_CONVERSION = YES_AGGRESSIVE;
				CLANG_CXX_LANGUAGE_STANDARD = "gnu++14";
				CLANG_CXX_LIBRARY = "libc++";
				CLANG_ENABLE_MODULES = YES;
				CLANG_ENABLE_OBJC_ARC = YES;
				CLANG_WARN_BLOCK_CAPTURE_AUTORELEASING = YES;
				CLANG_WARN_BOOL_CONVERSION = YES;
				CLANG_WARN_COMMA = YES;
				CLANG_WARN_CONSTANT_CONVERSION = YES;
				CLANG_WARN_DIRECT_OBJC_ISA_USAGE = YES_ERROR;
				CLANG_WARN_DOCUMENTATION_COMMENTS = YES;
				CLANG_WARN_EMPTY_BODY = YES;
				CLANG_WARN_ENUM_CONVERSION = YES;
				CLANG_WARN_INFINITE_RECURSION = YES;
				CLANG_WARN_INT_CONVERSION = YES;
				CLANG_WARN_NON_LITERAL_NULL_CONVERSION = YES;
				CLANG_WARN_OBJC_LITERAL_CONVERSION = YES;
				CLANG_WARN_OBJC_ROOT_CLASS = YES_ERROR;
				CLANG_WARN_RANGE_LOOP_ANALYSIS = YES;
				CLANG_WARN_STRICT_PROTOTYPES = YES;
				CLANG_WARN_SUSPICIOUS_MOVE = YES;
				CLANG_WARN_UNGUARDED_AVAILABILITY = YES_AGGRESSIVE;
				CLANG_WARN_UNREACHABLE_CODE = YES;
				CLANG_WARN__DUPLICATE_METHOD_MATCH = YES;
				CODE_SIGN_IDENTITY = "iPhone Developer";
				COPY_PHASE_STRIP = NO;
				DEBUG_INFORMATION_FORMAT = "dwarf-with-dsym";
				ENABLE_NS_ASSERTIONS = NO;
				ENABLE_STRICT_OBJC_MSGSEND = YES;
				GCC_C_LANGUAGE_STANDARD = gnu11;
				GCC_NO_COMMON_BLOCKS = YES;
				GCC_WARN_64_TO_32_BIT_CONVERSION = YES;
				GCC_WARN_ABOUT_RETURN_TYPE = YES_ERROR;
				GCC_WARN_UNDECLARED_SELECTOR = YES;
				GCC_WARN_UNINITIALIZED_AUTOS = YES_AGGRESSIVE;
				GCC_WARN_UNUSED_FUNCTION = YES;
				GCC_WARN_UNUSED_VARIABLE = YES;
				IPHONEOS_DEPLOYMENT_TARGET = 11.2;
				MTL_ENABLE_DEBUG_INFO = NO;
				SDKROOT = iphoneos;
				SWIFT_OPTIMIZATION_LEVEL = "-Owholemodule";
				VALIDATE_PRODUCT = YES;
			};
			name = Release;
		};
		146B6C4C20237BBE0007D3EB /* Debug */ = {
			isa = XCBuildConfiguration;
			baseConfigurationReference = 77327E80B72CFC56378FFDB7 /* Pods-Pixel City.debug.xcconfig */;
			buildSettings = {
				ASSETCATALOG_COMPILER_APPICON_NAME = AppIcon;
				CODE_SIGN_STYLE = Automatic;
				DEVELOPMENT_TEAM = G53HJ9R3ZD;
				INFOPLIST_FILE = "Pixel City/Info.plist";
				LD_RUNPATH_SEARCH_PATHS = "$(inherited) @executable_path/Frameworks";
				PRODUCT_BUNDLE_IDENTIFIER = "com.joshapgar.Pixel-City";
				PRODUCT_NAME = "$(TARGET_NAME)";
				SWIFT_VERSION = 4.0;
				TARGETED_DEVICE_FAMILY = "1,2";
			};
			name = Debug;
		};
		146B6C4D20237BBE0007D3EB /* Release */ = {
			isa = XCBuildConfiguration;
			baseConfigurationReference = A7F7D75A004AEA7565B97641 /* Pods-Pixel City.release.xcconfig */;
			buildSettings = {
				ASSETCATALOG_COMPILER_APPICON_NAME = AppIcon;
				CODE_SIGN_STYLE = Automatic;
				DEVELOPMENT_TEAM = G53HJ9R3ZD;
				INFOPLIST_FILE = "Pixel City/Info.plist";
				LD_RUNPATH_SEARCH_PATHS = "$(inherited) @executable_path/Frameworks";
				PRODUCT_BUNDLE_IDENTIFIER = "com.joshapgar.Pixel-City";
				PRODUCT_NAME = "$(TARGET_NAME)";
				SWIFT_VERSION = 4.0;
				TARGETED_DEVICE_FAMILY = "1,2";
			};
			name = Release;
		};
/* End XCBuildConfiguration section */

/* Begin XCConfigurationList section */
		146B6C3420237BBD0007D3EB /* Build configuration list for PBXProject "Pixel City" */ = {
			isa = XCConfigurationList;
			buildConfigurations = (
				146B6C4920237BBE0007D3EB /* Debug */,
				146B6C4A20237BBE0007D3EB /* Release */,
			);
			defaultConfigurationIsVisible = 0;
			defaultConfigurationName = Release;
		};
		146B6C4B20237BBE0007D3EB /* Build configuration list for PBXNativeTarget "Pixel City" */ = {
			isa = XCConfigurationList;
			buildConfigurations = (
				146B6C4C20237BBE0007D3EB /* Debug */,
				146B6C4D20237BBE0007D3EB /* Release */,
			);
			defaultConfigurationIsVisible = 0;
			defaultConfigurationName = Release;
		};
/* End XCConfigurationList section */
	};
	rootObject = 146B6C3120237BBD0007D3EB /* Project object */;
}
